
Microsoft Visual Studio Solution File, Format Version 12.00
# Visual Studio Version 16
VisualStudioVersion = 16.0.29905.134
MinimumVisualStudioVersion = 10.0.40219.1
Project("{FAE04EC0-301F-11D3-BF4B-00C04F79EFBC}") = "MISA.MShopkeeper", "MISA.MShopkeeper\MISA.MShopkeeper.csproj", "{A05CBE6B-302B-4B79-AE74-BA51BADBA48F}"
EndProject
Project("{FAE04EC0-301F-11D3-BF4B-00C04F79EFBC}") = "MISA.DL", "MISA.DL\MISA.DL.csproj", "{53689442-4BCD-4043-AD06-26F84B6AB8D2}"
EndProject
Project("{FAE04EC0-301F-11D3-BF4B-00C04F79EFBC}") = "MISA.BL", "MISA.BL\MISA.BL.csproj", "{859FEFD1-5CA4-4C1D-9C99-D2F75C864204}"
EndProject
Project("{FAE04EC0-301F-11D3-BF4B-00C04F79EFBC}") = "MISA.Entities", "MISA.Entities\MISA.Entities.csproj", "{5EF250B4-6E55-4852-8111-5B58D135C7DB}"
EndProject
Global
	GlobalSection(SolutionConfigurationPlatforms) = preSolution
		Debug|Any CPU = Debug|Any CPU
		Release|Any CPU = Release|Any CPU
	EndGlobalSection
	GlobalSection(ProjectConfigurationPlatforms) = postSolution
		{A05CBE6B-302B-4B79-AE74-BA51BADBA48F}.Debug|Any CPU.ActiveCfg = Debug|Any CPU
		{A05CBE6B-302B-4B79-AE74-BA51BADBA48F}.Debug|Any CPU.Build.0 = Debug|Any CPU
		{A05CBE6B-302B-4B79-AE74-BA51BADBA48F}.Release|Any CPU.ActiveCfg = Release|Any CPU
		{A05CBE6B-302B-4B79-AE74-BA51BADBA48F}.Release|Any CPU.Build.0 = Release|Any CPU
		{53689442-4BCD-4043-AD06-26F84B6AB8D2}.Debug|Any CPU.ActiveCfg = Debug|Any CPU
		{53689442-4BCD-4043-AD06-26F84B6AB8D2}.Debug|Any CPU.Build.0 = Debug|Any CPU
		{53689442-4BCD-4043-AD06-26F84B6AB8D2}.Release|Any CPU.ActiveCfg = Release|Any CPU
		{53689442-4BCD-4043-AD06-26F84B6AB8D2}.Release|Any CPU.Build.0 = Release|Any CPU
		{859FEFD1-5CA4-4C1D-9C99-D2F75C864204}.Debug|Any CPU.ActiveCfg = Debug|Any CPU
		{859FEFD1-5CA4-4C1D-9C99-D2F75C864204}.Debug|Any CPU.Build.0 = Debug|Any CPU
		{859FEFD1-5CA4-4C1D-9C99-D2F75C864204}.Release|Any CPU.ActiveCfg = Release|Any CPU
		{859FEFD1-5CA4-4C1D-9C99-D2F75C864204}.Release|Any CPU.Build.0 = Release|Any CPU
		{5EF250B4-6E55-4852-8111-5B58D135C7DB}.Debug|Any CPU.ActiveCfg = Debug|Any CPU
		{5EF250B4-6E55-4852-8111-5B58D135C7DB}.Debug|Any CPU.Build.0 = Debug|Any CPU
		{5EF250B4-6E55-4852-8111-5B58D135C7DB}.Release|Any CPU.ActiveCfg = Release|Any CPU
		{5EF250B4-6E55-4852-8111-5B58D135C7DB}.Release|Any CPU.Build.0 = Release|Any CPU
	EndGlobalSection
	GlobalSection(SolutionProperties) = preSolution
		HideSolutionNode = FALSE
	EndGlobalSection
	GlobalSection(ExtensibilityGlobals) = postSolution
		SolutionGuid = {7500782B-1C2F-4F4D-BFA0-A608FAF6C3F5}
	EndGlobalSection
EndGlobal
